{
    "_meta": {
        "hash": {
            "sha256": "e6cfe4f1c04bb714760b56e6a88b87721c621ac36cf86edfb0ea73d6d0246275"
        },
        "pipfile-spec": 6,
        "requires": {
            "python_version": "3.11"
        },
        "sources": [
            {
                "name": "pypi",
                "url": "https://pypi.org/simple",
                "verify_ssl": true
            }
        ]
    },
    "default": {
        "hiredis": {
            "hashes": [
                "sha256:0021ba034b74c5006f62e4cfdd79d04c7c720731eda256ce29d769ac6483adc3",
                "sha256:023b3b3ac410d6cfdb45ee943b8c528c90379f31419a1fd229888aa2b965732d",
                "sha256:03b6bef7eb50415aca87200a511d66a2fd69f1fcc75cfe1408e1201cbe28ddfb",
                "sha256:040f861e4e43daa9287f3a85979542f9c7ee8cfab695fa662f3b6186c6f7d5e8",
                "sha256:05aab35210bd7fbd7bd066efb2a42eb5c2878c2c137a9cff597204be2c07475b",
                "sha256:06cb776d3cd3cbec86010f1bab6895ee16af8036aae8c3594a5e96c24f0f83a5",
                "sha256:08ec41519a533f5cd1f1f8bd1797929358117c8e4570b679b469f768b45b7dbf",
                "sha256:11fad16beb9d623ea423c9129bab0e392ea4c84363d61c125f679be3d029442f",
                "sha256:19f724405c808a89db422ed1010caab80a16d3e5b49632356ae7912513b6d58e",
                "sha256:1e2039cdaa2e6656eae4a2e2537ed77e27f29b7487b97ce7ae6a3cb88d01b968",
                "sha256:1f94684b13fbbee1239303018d5ea900d786e486cdb130cde3144d53f4e262e4",
                "sha256:21e0017b8f50abd13b4c4c4218c7dfd5a42623e3255b460dfa5f70b45c4e7c3e",
                "sha256:24a55169a7f0bd9458935ac644bf8191f127c8aa50cdd70c0b87928cc515cae5",
                "sha256:262148f9b616c0cdd0f2c6bda45cd0f1ce6ce2d1974efd296b85b44e5c7567c2",
                "sha256:288d5d0566d3cbcd800e46c7a547428d321842898b8c7de037a7e78b5644e88a",
                "sha256:2c763eb9a1414c4d665945c70ae2ef74a843600667b0069fe90e2aabc78e5411",
                "sha256:3195e13a700f6ff35894c4920fcce8f6c2b01cdbc01f76fe567753c495849e9b",
                "sha256:32893825426e73d57b3290b68110dd76229945e6c79b08a37795f536501935c4",
                "sha256:32f98370efed38088d000df2eb2c8ed43d93d99bbf4a0a740e15eb4a887cc23f",
                "sha256:39a1bb45bcd698baf70ad4e9a94af164525bf053caea7df3777172d20d69538a",
                "sha256:3a51cb4ea466276a845a940931357b4a876f903eabde514ba95e45050e1c2150",
                "sha256:40b55fb46fcc78b04190176c0ae28bfa3cc7f418fca9df06c037028af5942b6a",
                "sha256:41afba30304adcbe1c93fc8272a7169b7fc4e4d3d470ad8babd391678a519d76",
                "sha256:43d3168da0a81fa0a9e4bc6e14316beac8e5f1b439ca5cc5af7f9a558cfba741",
                "sha256:4ee8f6d0774cd6179c625688201e961a2d03da212230adaa2193cfb7a04f9169",
                "sha256:4f34eefaf164bf43b29ccc809c168248eb95001837ed0e9e3279891f57ae2fab",
                "sha256:5000942ffb6b6410ccbc87089c15fde5f48bd205664ee8b3067e6b2fb5689485",
                "sha256:53040c3b3488b52f4609775453fc759262f2885b733150ee2e1d88257fdafed8",
                "sha256:531d1d3955244831b69272b993e16f93489ce2dadfdf800ac856dc2d9a43d353",
                "sha256:58a7ceb71f967fcc1878fb64666a12fbc5f243ab00d0653d3752a811941d8261",
                "sha256:5d7d7078f3b841ad86e35459e9f1a49db6d793b796a25fe866333166196d9fec",
                "sha256:648d4648bf6b3dcc418a974df143b2f96627ab8b50bda23a57759c273880ecfb",
                "sha256:654949cfc0bc76a5292b6ac111113b2eafb0739e0496495368981ea2e80bf4ec",
                "sha256:66ffcbfc4db52dd87cdfd53bda45881ab3ab07c80ec43244fd8d70ee69d42c01",
                "sha256:6766376dc43ef186113422ecacec0ece0d4b12c0e5f4b556669e639b20ccabb1",
                "sha256:6a8e796c94b7b8c63c99757d6ec2075069e4c362dfb0f130aaf874422bea3e7d",
                "sha256:6df0115f8b0766cd3d12416e2e2e914efed5b1a1a27605c9f37bc92de086877a",
                "sha256:718589c48e97820bdc2a99e2621b5039884cc23199213756054d10cd309ad56c",
                "sha256:7222bd9243387d778245619d0ac62d35cf72ee746ec0efb7b9b230ae3e0c3a39",
                "sha256:778f6de73c3abd67d447a3442f89e7d43a8de1eb5093f416af14dddc1d5c9cb5",
                "sha256:7b339a7542a3f6a10b3bbc157e4abc9bae9628e2df7faf5f8a32f730014719ae",
                "sha256:7f7e7d91d6533fcb1939d467cf8bfb98640edf715897959f31ae83f5ad29aed3",
                "sha256:8181d73f25943fbdca904154e51b845317103cee08116cfae258f96927ce1e74",
                "sha256:835c4cbf8b38c83240b3eb9bd575cd1bfefe5ea5c46cc5ac2bf2d1f47d1fd696",
                "sha256:879668ffab582bdffd9f10f6c8797aac055db183f266e3aa3a6438ff0768bc29",
                "sha256:8bce4c687136bf13df76072072b9baadbd52f7d1b143fbbda96387f50e8ebaeb",
                "sha256:8ecebeff966b412138b0cd105d7572f8d5e65e96355af699863890f8370707e6",
                "sha256:91dc73310b92b4aeccffdcd4a762955fe71380f5eaa4e242ee95019e41519101",
                "sha256:92077511d3a62109d5d11bf584e41264a993ae3c77c72de63c1f741b7809bacb",
                "sha256:9259f637d77544ffeb97acb0a87fdd192a8aced7a2fbd7439160dbee8341d446",
                "sha256:964c4f23ff450fb8d73edf06fc7475a4e81a3f9b03a9a04a907ec81c84052fcf",
                "sha256:969ffe37a8980a6e5404993ccfe605a40fa6732fa6d7b26a1a718c9121197002",
                "sha256:98f0db3667fa8abbd37ac66385b460841029033bfc1ba8d7e5b3ff1e01d3346a",
                "sha256:9b9aa1b0ec46dec5b05dcec22e50bbd4af33da121fca83bd2601dc60c79183f9",
                "sha256:9d601c27b9599fe52cade3096351f92f665e527d29af8d3e29353a76bfcf5615",
                "sha256:9f2a98b835c2088998a47da51b1b3661b587b2d4b3305d03fc9893888cc2aa54",
                "sha256:a1c9b7d6d7bf35e1e2217b2847710154b11d25bf86b77bb7e190161f8b89917e",
                "sha256:a6544c7807cbb75bc6ae9ab85773b4413edbcd55342e9e3d7d3f159f677f7428",
                "sha256:ab622bcddcf334b4b1fc4b22e163e93160e3afdd7feaedd77ac6f258e0c77b68",
                "sha256:b223668844f26034759a6c24a72f0bb8e4fb64a43b27e2f3e8378639eaac1661",
                "sha256:b2d96be6917ea8f753691a4674f682dd5e145b70edab28c05aa5552ae873e843",
                "sha256:b5879d13025b04903ddf71921812db27fe1156a0952ad253014354d72463aaa9",
                "sha256:b5fe1bb4b1525751f3050337097b3b2bfe445836e59a5a0984928dd0797f9abf",
                "sha256:b85276ed57e0aee8910b48383a38a299851935ba134460bad394988c750985fe",
                "sha256:bb60f79e8c1eb5971b10fd256764ea0c89c4ad2d55ac4379981f678f349411f2",
                "sha256:bb858218de60a930a164a991fff001c70b0c3d923d3ae40fef2acf3321126b00",
                "sha256:bd9d99606008a8cfa6b9e950abaa35f5b87496f03e63b73197d02b0fe7ecb6d3",
                "sha256:c19151e79b36e0d849899a21fc10539aa1903af94b31754bddab1bea876cd508",
                "sha256:c1b636b05777536a83b4cced157cbdc2d0012d494a9ec2f7b7e07c54296cd773",
                "sha256:c4cfb61fe642f30a22789055847004393bc65b5686988c64191e379ea4ccd069",
                "sha256:c5263c676dc4d55202e7ca0429b949fc6ba7c0dd3a3a2b80538593ab27d82836",
                "sha256:c53c36a630a6c6fd9dfe439f4266e564ca58995015a780c1d964567ebf328466",
                "sha256:c972385a0647120d4b0fe0e9567257cad7b2577b9f1315815713c571af0e778d",
                "sha256:d248acc7d7713c1b3d48ed8ea67d6ba43b104aa67d63078846a3590adbab6b73",
                "sha256:d9f8b8daef346ffc0268d7086c213ab24c2a3fcbd4249eacfbb3635602c79d20",
                "sha256:dd82370c2f9f804ec617b95d25edb0fd04882251afb2ecdf08b9ced0c3aa4bcc",
                "sha256:dddd2be67de25a62b3bf871f091181c13da3b32186d4be6af49dadbf6fdc266d",
                "sha256:dfbe939fdddbc7b90cab4124f3ddd6391099fb964f6dab3386aa8cf56f37b5ba",
                "sha256:e057d5545189d4c9e22ae0f7dc283ea0a225f56999511022c062cce7f9589d69",
                "sha256:e0d4b074ff5ebba00933da27a06f3752b8af2448a6aa9dc895d5279f43011530",
                "sha256:e6097e1cef647c665f71cd0e58346389580db98365e804f7a9ad5d96e66b7150",
                "sha256:e7bb5cab604fc45b45cee40e84e84d9e30eeb34c571a3784392ae658273bbd23",
                "sha256:edb7f156a8f8a1999574f27bda67dd2bff2d5b180bb6aed996a1792cafbcc668",
                "sha256:ef5ae8c1af82a8000742003cb16a6fa6c57919abb861ab214dcb27db8573ee64",
                "sha256:f0c2dbaffd4a9e8df04731a012c8a67b7517abec7e53bb12c3cd749865c63428",
                "sha256:f1d5a99de0fd02438f251e50ec64936d22d542c8e5d80bdec236f9713eeef334",
                "sha256:f592d1522b5981890b34b0b814f4bfa4a68b23ee90f538aac321d17e8bf859c8",
                "sha256:fb818b6e0981e16dfdfc9e507c9842f8d210e6ecaf3edb8ac3039dbd24768839"
            ],
            "index": "pypi",
            "version": "==2.1.0"
        },
        "redis": {
            "hashes": [
                "sha256:56732e156fe31801c4f43396bd3ca0c2a7f6f83d7936798531b9848d103381aa",
                "sha256:7df17a0a2b72a4c8895b462dd07616c51b1dcb48fdd7ecb7b6f4bf39ecb2e94e"
            ],
            "index": "pypi",
            "version": "==4.5.3"
        }
    },
    "develop": {}
}
